// !$*UTF8*$!
{
	archiveVersion = 1;
	classes = {
	};
	objectVersion = 56;
	objects = {

/* Begin PBXBuildFile section */
		619264E02C3A6518002444A3 /* swiftUIChatterApp.swift in Sources */ = {isa = PBXBuildFile; fileRef = 619264DF2C3A6518002444A3 /* swiftUIChatterApp.swift */; };
		619264E22C3A6518002444A3 /* MainView.swift in Sources */ = {isa = PBXBuildFile; fileRef = 619264E12C3A6518002444A3 /* MainView.swift */; };
		619264E42C3A651A002444A3 /* Assets.xcassets in Resources */ = {isa = PBXBuildFile; fileRef = 619264E32C3A651A002444A3 /* Assets.xcassets */; };
		619264E72C3A651A002444A3 /* Preview Assets.xcassets in Resources */ = {isa = PBXBuildFile; fileRef = 619264E62C3A651A002444A3 /* Preview Assets.xcassets */; };
		619264EE2C3A6779002444A3 /* Chatt.swift in Sources */ = {isa = PBXBuildFile; fileRef = 619264ED2C3A6779002444A3 /* Chatt.swift */; };
		619264F02C3A67A6002444A3 /* ChattStore.swift in Sources */ = {isa = PBXBuildFile; fileRef = 619264EF2C3A67A6002444A3 /* ChattStore.swift */; };
		619264F42C3A729E002444A3 /* ChattListRow.swift in Sources */ = {isa = PBXBuildFile; fileRef = 619264F32C3A729E002444A3 /* ChattListRow.swift */; };
		619264F62C3A74D9002444A3 /* PostView.swift in Sources */ = {isa = PBXBuildFile; fileRef = 619264F52C3A74D9002444A3 /* PostView.swift */; };
/* End PBXBuildFile section */

/* Begin PBXFileReference section */
		619264DC2C3A6518002444A3 /* swiftUIChatter.app */ = {isa = PBXFileReference; explicitFileType = wrapper.application; includeInIndex = 0; path = swiftUIChatter.app; sourceTree = BUILT_PRODUCTS_DIR; };
		619264DF2C3A6518002444A3 /* swiftUIChatterApp.swift */ = {isa = PBXFileReference; lastKnownFileType = sourcecode.swift; path = swiftUIChatterApp.swift; sourceTree = "<group>"; };
		619264E12C3A6518002444A3 /* MainView.swift */ = {isa = PBXFileReference; lastKnownFileType = sourcecode.swift; path = MainView.swift; sourceTree = "<group>"; };
		619264E32C3A651A002444A3 /* Assets.xcassets */ = {isa = PBXFileReference; lastKnownFileType = folder.assetcatalog; path = Assets.xcassets; sourceTree = "<group>"; };
		619264E62C3A651A002444A3 /* Preview Assets.xcassets */ = {isa = PBXFileReference; lastKnownFileType = folder.assetcatalog; path = "Preview Assets.xcassets"; sourceTree = "<group>"; };
		619264ED2C3A6779002444A3 /* Chatt.swift */ = {isa = PBXFileReference; fileEncoding = 4; lastKnownFileType = sourcecode.swift; name = Chatt.swift; path = ../../../lab1/swiftChatter/swiftChatter/Chatt.swift; sourceTree = "<group>"; };
		619264EF2C3A67A6002444A3 /* ChattStore.swift */ = {isa = PBXFileReference; fileEncoding = 4; lastKnownFileType = sourcecode.swift; name = ChattStore.swift; path = ../../../lab1/swiftChatter/swiftChatter/ChattStore.swift; sourceTree = "<group>"; };
		619264F32C3A729E002444A3 /* ChattListRow.swift */ = {isa = PBXFileReference; lastKnownFileType = sourcecode.swift; path = ChattListRow.swift; sourceTree = "<group>"; };
		619264F52C3A74D9002444A3 /* PostView.swift */ = {isa = PBXFileReference; lastKnownFileType = sourcecode.swift; path = PostView.swift; sourceTree = "<group>"; };
/* End PBXFileReference section */

/* Begin PBXFrameworksBuildPhase section */
		619264D92C3A6518002444A3 /* Frameworks */ = {
			isa = PBXFrameworksBuildPhase;
			buildActionMask = 2147483647;
			files = (
			);
			runOnlyForDeploymentPostprocessing = 0;
		};
/* End PBXFrameworksBuildPhase section */

/* Begin PBXGroup section */
		619264D32C3A6518002444A3 = {
			isa = PBXGroup;
			children = (
				619264DE2C3A6518002444A3 /* swiftUIChatter */,
				619264DD2C3A6518002444A3 /* Products */,
			);
			sourceTree = "<group>";
		};
		619264DD2C3A6518002444A3 /* Products */ = {
			isa = PBXGroup;
			children = (
				619264DC2C3A6518002444A3 /* swiftUIChatter.app */,
			);
			name = Products;
			sourceTree = "<group>";
		};
		619264DE2C3A6518002444A3 /* swiftUIChatter */ = {
			isa = PBXGroup;
			children = (
				619264DF2C3A6518002444A3 /* swiftUIChatterApp.swift */,
				619264E12C3A6518002444A3 /* MainView.swift */,
				619264EF2C3A67A6002444A3 /* ChattStore.swift */,
				619264ED2C3A6779002444A3 /* Chatt.swift */,
				619264E32C3A651A002444A3 /* Assets.xcassets */,
				619264E52C3A651A002444A3 /* Preview Content */,
				619264F32C3A729E002444A3 /* ChattListRow.swift */,
				619264F52C3A74D9002444A3 /* PostView.swift */,
			);
			path = swiftUIChatter;
			sourceTree = "<group>";
		};
		619264E52C3A651A002444A3 /* Preview Content */ = {
			isa = PBXGroup;
			children = (
				619264E62C3A651A002444A3 /* Preview Assets.xcassets */,
			);
			path = "Preview Content";
			sourceTree = "<group>";
		};
/* End PBXGroup section */

/* Begin PBXNativeTarget section */
		619264DB2C3A6518002444A3 /* swiftUIChatter */ = {
			isa = PBXNativeTarget;
			buildConfigurationList = 619264EA2C3A651A002444A3 /* Build configuration list for PBXNativeTarget "swiftUIChatter" */;
			buildPhases = (
				619264D82C3A6518002444A3 /* Sources */,
				619264D92C3A6518002444A3 /* Frameworks */,
				619264DA2C3A6518002444A3 /* Resources */,
			);
			buildRules = (
			);
			dependencies = (
			);
			name = swiftUIChatter;
			productName = swiftUIChatter;
			productReference = 619264DC2C3A6518002444A3 /* swiftUIChatter.app */;
			productType = "com.apple.product-type.application";
		};
/* End PBXNativeTarget section */

/* Begin PBXProject section */
		619264D42C3A6518002444A3 /* Project object */ = {
			isa = PBXProject;
			attributes = {
				BuildIndependentTargetsInParallel = 1;
				LastSwiftUpdateCheck = 1540;
				LastUpgradeCheck = 1540;
				TargetAttributes = {
					619264DB2C3A6518002444A3 = {
						CreatedOnToolsVersion = 15.4;
					};
				};
			};
			buildConfigurationList = 619264D72C3A6518002444A3 /* Build configuration list for PBXProject "swiftUIChatter" */;
			compatibilityVersion = "Xcode 14.0";
			developmentRegion = en;
			hasScannedForEncodings = 0;
			knownRegions = (
				en,
				Base,
			);
			mainGroup = 619264D32C3A6518002444A3;
			productRefGroup = 619264DD2C3A6518002444A3 /* Products */;
			projectDirPath = "";
			projectRoot = "";
			targets = (
				619264DB2C3A6518002444A3 /* swiftUIChatter */,
			);
		};
/* End PBXProject section */

/* Begin PBXResourcesBuildPhase section */
		619264DA2C3A6518002444A3 /* Resources */ = {
			isa = PBXResourcesBuildPhase;
			buildActionMask = 2147483647;
			files = (
				619264E72C3A651A002444A3 /* Preview Assets.xcassets in Resources */,
				619264E42C3A651A002444A3 /* Assets.xcassets in Resources */,
			);
			runOnlyForDeploymentPostprocessing = 0;
		};
/* End PBXResourcesBuildPhase section */

/* Begin PBXSourcesBuildPhase section */
		619264D82C3A6518002444A3 /* Sources */ = {
			isa = PBXSourcesBuildPhase;
			buildActionMask = 2147483647;
			files = (
				619264F02C3A67A6002444A3 /* ChattStore.swift in Sources */,
				619264E22C3A6518002444A3 /* MainView.swift in Sources */,
				619264E02C3A6518002444A3 /* swiftUIChatterApp.swift in Sources */,
				619264EE2C3A6779002444A3 /* Chatt.swift in Sources */,
				619264F62C3A74D9002444A3 /* PostView.swift in Sources */,
				619264F42C3A729E002444A3 /* ChattListRow.swift in Sources */,
			);
			runOnlyForDeploymentPostprocessing = 0;
		};
/* End PBXSourcesBuildPhase section */

/* Begin XCBuildConfiguration section */
		619264E82C3A651A002444A3 /* Debug */ = {
			isa = XCBuildConfiguration;
			buildSettings = {
				ALWAYS_SEARCH_USER_PATHS = NO;
				ASSETCATALOG_COMPILER_GENERATE_SWIFT_ASSET_SYMBOL_EXTENSIONS = YES;
				CLANG_ANALYZER_NONNULL = YES;
				CLANG_ANALYZER_NUMBER_OBJECT_CONVERSION = YES_AGGRESSIVE;
				CLANG_CXX_LANGUAGE_STANDARD = "gnu++20";
				CLANG_ENABLE_MODULES = YES;
				CLANG_ENABLE_OBJC_ARC = YES;
				CLANG_ENABLE_OBJC_WEAK = YES;
				CLANG_WARN_BLOCK_CAPTURE_AUTORELEASING = YES;
				CLANG_WARN_BOOL_CONVERSION = YES;
				CLANG_WARN_COMMA = YES;
				CLANG_WARN_CONSTANT_CONVERSION = YES;
				CLANG_WARN_DEPRECATED_OBJC_IMPLEMENTATIONS = YES;
				CLANG_WARN_DIRECT_OBJC_ISA_USAGE = YES_ERROR;
				CLANG_WARN_DOCUMENTATION_COMMENTS = YES;
				CLANG_WARN_EMPTY_BODY = YES;
				CLANG_WARN_ENUM_CONVERSION = YES;
				CLANG_WARN_INFINITE_RECURSION = YES;
				CLANG_WARN_INT_CONVERSION = YES;
				CLANG_WARN_NON_LITERAL_NULL_CONVERSION = YES;
				CLANG_WARN_OBJC_IMPLICIT_RETAIN_SELF = YES;
				CLANG_WARN_OBJC_LITERAL_CONVERSION = YES;
				CLANG_WARN_OBJC_ROOT_CLASS = YES_ERROR;
				CLANG_WARN_QUOTED_INCLUDE_IN_FRAMEWORK_HEADER = YES;
				CLANG_WARN_RANGE_LOOP_ANALYSIS = YES;
				CLANG_WARN_STRICT_PROTOTYPES = YES;
				CLANG_WARN_SUSPICIOUS_MOVE = YES;
				CLANG_WARN_UNGUARDED_AVAILABILITY = YES_AGGRESSIVE;
				CLANG_WARN_UNREACHABLE_CODE = YES;
				CLANG_WARN__DUPLICATE_METHOD_MATCH = YES;
				COPY_PHASE_STRIP = NO;
				DEBUG_INFORMATION_FORMAT = dwarf;
				ENABLE_STRICT_OBJC_MSGSEND = YES;
				ENABLE_TESTABILITY = YES;
				ENABLE_USER_SCRIPT_SANDBOXING = YES;
				GCC_C_LANGUAGE_STANDARD = gnu17;
				GCC_DYNAMIC_NO_PIC = NO;
				GCC_NO_COMMON_BLOCKS = YES;
				GCC_OPTIMIZATION_LEVEL = 0;
				GCC_PREPROCESSOR_DEFINITIONS = (
					"DEBUG=1",
					"$(inherited)",
				);
				GCC_WARN_64_TO_32_BIT_CONVERSION = YES;
				GCC_WARN_ABOUT_RETURN_TYPE = YES_ERROR;
				GCC_WARN_UNDECLARED_SELECTOR = YES;
				GCC_WARN_UNINITIALIZED_AUTOS = YES_AGGRESSIVE;
				GCC_WARN_UNUSED_FUNCTION = YES;
				GCC_WARN_UNUSED_VARIABLE = YES;
				IPHONEOS_DEPLOYMENT_TARGET = 17.5;
				LOCALIZATION_PREFERS_STRING_CATALOGS = YES;
				MTL_ENABLE_DEBUG_INFO = INCLUDE_SOURCE;
				MTL_FAST_MATH = YES;
				ONLY_ACTIVE_ARCH = YES;
				SDKROOT = iphoneos;
				SWIFT_ACTIVE_COMPILATION_CONDITIONS = "DEBUG $(inherited)";
				SWIFT_OPTIMIZATION_LEVEL = "-Onone";
			};
			name = Debug;
		};
		619264E92C3A651A002444A3 /* Release */ = {
			isa = XCBuildConfiguration;
			buildSettings = {
				ALWAYS_SEARCH_USER_PATHS = NO;
				ASSETCATALOG_COMPILER_GENERATE_SWIFT_ASSET_SYMBOL_EXTENSIONS = YES;
				CLANG_ANALYZER_NONNULL = YES;
				CLANG_ANALYZER_NUMBER_OBJECT_CONVERSION = YES_AGGRESSIVE;
				CLANG_CXX_LANGUAGE_STANDARD = "gnu++20";
				CLANG_ENABLE_MODULES = YES;
				CLANG_ENABLE_OBJC_ARC = YES;
				CLANG_ENABLE_OBJC_WEAK = YES;
				CLANG_WARN_BLOCK_CAPTURE_AUTORELEASING = YES;
				CLANG_WARN_BOOL_CONVERSION = YES;
				CLANG_WARN_COMMA = YES;
				CLANG_WARN_CONSTANT_CONVERSION = YES;
				CLANG_WARN_DEPRECATED_OBJC_IMPLEMENTATIONS = YES;
				CLANG_WARN_DIRECT_OBJC_ISA_USAGE = YES_ERROR;
				CLANG_WARN_DOCUMENTATION_COMMENTS = YES;
				CLANG_WARN_EMPTY_BODY = YES;
				CLANG_WARN_ENUM_CONVERSION = YES;
				CLANG_WARN_INFINITE_RECURSION = YES;
				CLANG_WARN_INT_CONVERSION = YES;
				CLANG_WARN_NON_LITERAL_NULL_CONVERSION = YES;
				CLANG_WARN_OBJC_IMPLICIT_RETAIN_SELF = YES;
				CLANG_WARN_OBJC_LITERAL_CONVERSION = YES;
				CLANG_WARN_OBJC_ROOT_CLASS = YES_ERROR;
				CLANG_WARN_QUOTED_INCLUDE_IN_FRAMEWORK_HEADER = YES;
				CLANG_WARN_RANGE_LOOP_ANALYSIS = YES;
				CLANG_WARN_STRICT_PROTOTYPES = YES;
				CLANG_WARN_SUSPICIOUS_MOVE = YES;
				CLANG_WARN_UNGUARDED_AVAILABILITY = YES_AGGRESSIVE;
				CLANG_WARN_UNREACHABLE_CODE = YES;
				CLANG_WARN__DUPLICATE_METHOD_MATCH = YES;
				COPY_PHASE_STRIP = NO;
				DEBUG_INFORMATION_FORMAT = "dwarf-with-dsym";
				ENABLE_NS_ASSERTIONS = NO;
				ENABLE_STRICT_OBJC_MSGSEND = YES;
				ENABLE_USER_SCRIPT_SANDBOXING = YES;
				GCC_C_LANGUAGE_STANDARD = gnu17;
				GCC_NO_COMMON_BLOCKS = YES;
				GCC_WARN_64_TO_32_BIT_CONVERSION = YES;
				GCC_WARN_ABOUT_RETURN_TYPE = YES_ERROR;
				GCC_WARN_UNDECLARED_SELECTOR = YES;
				GCC_WARN_UNINITIALIZED_AUTOS = YES_AGGRESSIVE;
				GCC_WARN_UNUSED_FUNCTION = YES;
				GCC_WARN_UNUSED_VARIABLE = YES;
				IPHONEOS_DEPLOYMENT_TARGET = 17.5;
				LOCALIZATION_PREFERS_STRING_CATALOGS = YES;
				MTL_ENABLE_DEBUG_INFO = NO;
				MTL_FAST_MATH = YES;
				SDKROOT = iphoneos;
				SWIFT_COMPILATION_MODE = wholemodule;
				VALIDATE_PRODUCT = YES;
			};
			name = Release;
		};
		619264EB2C3A651A002444A3 /* Debug */ = {
			isa = XCBuildConfiguration;
			buildSettings = {
				ASSETCATALOG_COMPILER_APPICON_NAME = AppIcon;
				ASSETCATALOG_COMPILER_GLOBAL_ACCENT_COLOR_NAME = AccentColor;
				CODE_SIGN_STYLE = Automatic;
				CURRENT_PROJECT_VERSION = 1;
				DEVELOPMENT_ASSET_PATHS = "\"swiftUIChatter/Preview Content\"";
				ENABLE_PREVIEWS = YES;
				GENERATE_INFOPLIST_FILE = YES;
				INFOPLIST_KEY_UIApplicationSceneManifest_Generation = YES;
				INFOPLIST_KEY_UIApplicationSupportsIndirectInputEvents = YES;
				INFOPLIST_KEY_UILaunchScreen_Generation = YES;
				INFOPLIST_KEY_UISupportedInterfaceOrientations = "UIInterfaceOrientationLandscapeLeft UIInterfaceOrientationLandscapeRight UIInterfaceOrientationPortrait";
				LD_RUNPATH_SEARCH_PATHS = (
					"$(inherited)",
					"@executable_path/Frameworks",
				);
				MARKETING_VERSION = 1.0;
				PRODUCT_BUNDLE_IDENTIFIER = cn.edu.sjtu.lzh666.swiftUIChatter;
				PRODUCT_NAME = "$(TARGET_NAME)";
				SWIFT_EMIT_LOC_STRINGS = YES;
				SWIFT_VERSION = 5.0;
				TARGETED_DEVICE_FAMILY = "1,2";
			};
			name = Debug;
		};
		619264EC2C3A651A002444A3 /* Release */ = {
			isa = XCBuildConfiguration;
			buildSettings = {
				ASSETCATALOG_COMPILER_APPICON_NAME = AppIcon;
				ASSETCATALOG_COMPILER_GLOBAL_ACCENT_COLOR_NAME = AccentColor;
				CODE_SIGN_STYLE = Automatic;
				CURRENT_PROJECT_VERSION = 1;
				DEVELOPMENT_ASSET_PATHS = "\"swiftUIChatter/Preview Content\"";
				ENABLE_PREVIEWS = YES;
				GENERATE_INFOPLIST_FILE = YES;
				INFOPLIST_KEY_UIApplicationSceneManifest_Generation = YES;
				INFOPLIST_KEY_UIApplicationSupportsIndirectInputEvents = YES;
				INFOPLIST_KEY_UILaunchScreen_Generation = YES;
				INFOPLIST_KEY_UISupportedInterfaceOrientations = "UIInterfaceOrientationLandscapeLeft UIInterfaceOrientationLandscapeRight UIInterfaceOrientationPortrait";
				LD_RUNPATH_SEARCH_PATHS = (
					"$(inherited)",
					"@executable_path/Frameworks",
				);
				MARKETING_VERSION = 1.0;
				PRODUCT_BUNDLE_IDENTIFIER = cn.edu.sjtu.lzh666.swiftUIChatter;
				PRODUCT_NAME = "$(TARGET_NAME)";
				SWIFT_EMIT_LOC_STRINGS = YES;
				SWIFT_VERSION = 5.0;
				TARGETED_DEVICE_FAMILY = "1,2";
			};
			name = Release;
		};
/* End XCBuildConfiguration section */

/* Begin XCConfigurationList section */
		619264D72C3A6518002444A3 /* Build configuration list for PBXProject "swiftUIChatter" */ = {
			isa = XCConfigurationList;
			buildConfigurations = (
				619264E82C3A651A002444A3 /* Debug */,
				619264E92C3A651A002444A3 /* Release */,
			);
			defaultConfigurationIsVisible = 0;
			defaultConfigurationName = Release;
		};
		619264EA2C3A651A002444A3 /* Build configuration list for PBXNativeTarget "swiftUIChatter" */ = {
			isa = XCConfigurationList;
			buildConfigurations = (
				619264EB2C3A651A002444A3 /* Debug */,
				619264EC2C3A651A002444A3 /* Release */,
			);
			defaultConfigurationIsVisible = 0;
			defaultConfigurationName = Release;
		};
/* End XCConfigurationList section */
	};
	rootObject = 619264D42C3A6518002444A3 /* Project object */;
}
